{
    "dama/doctrine-test-bundle": {
        "version": "7.3",
        "recipe": {
            "repo": "github.com/symfony/recipes-contrib",
            "branch": "main",
            "version": "7.2",
            "ref": "896306d79d4ee143af9eadf9b09fd34a8c391b70"
        },
        "files": [
            "config/packages/dama_doctrine_test_bundle.yaml"
        ]
    },
    "doctrine/annotations": {
        "version": "2.0",
        "recipe": {
            "repo": "github.com/symfony/recipes",
            "branch": "main",
            "version": "1.10",
            "ref": "64d8583af5ea57b7afa4aba4b159907f3a148b05"
        }
    },
    "doctrine/doctrine-bundle": {
        "version": "2.11",
        "recipe": {
            "repo": "github.com/symfony/recipes",
            "branch": "main",
            "version": "2.10",
            "ref": "c170ded8fc587d6bd670550c43dafcf093762245"
        },
        "files": [
            "config/packages/doctrine.yaml",
            "src/Entity/.gitignore",
            "src/Repository/.gitignore"
        ]
    },
    "doctrine/doctrine-migrations-bundle": {
        "version": "3.2",
        "recipe": {
            "repo": "github.com/symfony/recipes",
            "branch": "main",
            "version": "3.1",
            "ref": "1d01ec03c6ecbd67c3375c5478c9a423ae5d6a33"
        },
        "files": [
            "config/packages/doctrine_migrations.yaml",
            "migrations/.gitignore"
        ]
    },
    "league/flysystem-bundle": {
        "version": "3.1",
        "recipe": {
            "repo": "github.com/symfony/recipes",
            "branch": "main",
            "version": "1.0",
            "ref": "913dc3d7a5a1af0d2b044c5ac3a16e2f851d7380"
        },
        "files": [
            "config/packages/flysystem.yaml",
            "var/storage/.gitignore"
        ]
    },
    "nelmio/api-doc-bundle": {
        "version": "4.26",
        "recipe": {
            "repo": "github.com/symfony/recipes-contrib",
            "branch": "main",
            "version": "3.0",
            "ref": "c8e0c38e1a280ab9e37587a8fa32b251d5bc1c94"
        },
        "files": [
            "config/packages/nelmio_api_doc.yaml",
            "config/routes/nelmio_api_doc.yaml"
        ]
    },
    "overblog/graphql-bundle": {
        "version": "1.0",
        "recipe": {
            "repo": "github.com/symfony/recipes-contrib",
            "branch": "main",
            "version": "0.12",
            "ref": "b122f3bfcfc0706c617a74afa8510af4799810f6"
        },
        "files": [
            "config/graphql/types/.gitignore",
            "config/packages/graphql.yaml",
            "config/routes/graphql.yaml"
        ]
    },
    "phpstan/phpstan": {
        "version": "1.10",
        "recipe": {
            "repo": "github.com/symfony/recipes-contrib",
            "branch": "main",
            "version": "1.0",
            "ref": "5e490cc197fb6bb1ae22e5abbc531ddc633b6767"
        },
        "files": [
            "phpstan.dist.neon"
        ]
    },
    "phpunit/phpunit": {
        "version": "9.6",
        "recipe": {
            "repo": "github.com/symfony/recipes",
            "branch": "main",
            "version": "9.6",
            "ref": "7364a21d87e658eb363c5020c072ecfdc12e2326"
        },
        "files": [
            ".env.test",
            "phpunit.xml.dist",
            "tests/bootstrap.php"
        ]
    },
    "symfony/apache-pack": {
        "version": "1.0",
        "recipe": {
            "repo": "github.com/symfony/recipes-contrib",
            "branch": "main",
            "version": "1.0",
            "ref": "0f18b4decdf5695d692c1d0dfd65516a07a6adf1"
        },
        "files": [
            "public/.htaccess"
        ]
    },
    "symfony/console": {
        "version": "6.2",
        "recipe": {
            "repo": "github.com/symfony/recipes",
            "branch": "main",
            "version": "5.3",
            "ref": "da0c8be8157600ad34f10ff0c9cc91232522e047"
        },
        "files": [
            "bin/console"
        ]
    },
    "symfony/debug-bundle": {
        "version": "6.2",
        "recipe": {
            "repo": "github.com/symfony/recipes",
            "branch": "main",
            "version": "5.3",
            "ref": "5aa8aa48234c8eb6dbdd7b3cd5d791485d2cec4b"
        },
        "files": [
            "config/packages/debug.yaml"
        ]
    },
    "symfony/flex": {
        "version": "2.2",
        "recipe": {
            "repo": "github.com/symfony/recipes",
            "branch": "main",
            "version": "1.0",
            "ref": "146251ae39e06a95be0fe3d13c807bcf3938b172"
        },
        "files": [
            ".env"
        ]
    },
    "symfony/framework-bundle": {
        "version": "6.4",
        "recipe": {
            "repo": "github.com/symfony/recipes",
            "branch": "main",
            "version": "6.4",
            "ref": "a91c965766ad3ff2ae15981801643330eb42b6a5"
        },
        "files": [
            "config/packages/cache.yaml",
            "config/packages/framework.yaml",
            "config/preload.php",
            "config/routes/framework.yaml",
            "config/services.yaml",
            "public/index.php",
            "src/Controller/.gitignore",
            "src/Kernel.php"
        ]
    },
    "symfony/mailer": {
        "version": "6.4",
        "recipe": {
            "repo": "github.com/symfony/recipes",
            "branch": "main",
            "version": "4.3",
            "ref": "df66ee1f226c46f01e85c29c2f7acce0596ba35a"
        },
        "files": [
            "config/packages/mailer.yaml"
        ]
    },
    "symfony/mailjet-mailer": {
        "version": "7.1",
        "recipe": {
            "repo": "github.com/symfony/recipes",
            "branch": "main",
            "version": "5.2",
            "ref": "037c3256baa3334fd4cc3092a63209ae523696ff"
        }
    },
    "symfony/maker-bundle": {
        "version": "1.48",
        "recipe": {
            "repo": "github.com/symfony/recipes",
            "branch": "main",
            "version": "1.0",
            "ref": "fadbfe33303a76e25cb63401050439aa9b1a9c7f"
        }
    },
    "symfony/messenger": {
        "version": "6.2",
        "recipe": {
            "repo": "github.com/symfony/recipes",
            "branch": "main",
            "version": "6.0",
            "ref": "ba1ac4e919baba5644d31b57a3284d6ba12d52ee"
        },
        "files": [
            "config/packages/messenger.yaml"
        ]
    },
    "symfony/monolog-bundle": {
        "version": "3.10",
        "recipe": {
            "repo": "github.com/symfony/recipes",
            "branch": "main",
            "version": "3.7",
            "ref": "aff23899c4440dd995907613c1dd709b6f59503f"
        },
        "files": [
            "config/packages/monolog.yaml"
        ]
    },
    "symfony/notifier": {
        "version": "6.4",
        "recipe": {
            "repo": "github.com/symfony/recipes",
            "branch": "main",
            "version": "5.0",
            "ref": "178877daf79d2dbd62129dd03612cb1a2cb407cc"
        },
        "files": [
            "config/packages/notifier.yaml"
        ]
    },
    "symfony/phpunit-bridge": {
        "version": "6.4",
        "recipe": {
            "repo": "github.com/symfony/recipes",
            "branch": "main",
            "version": "6.3",
            "ref": "a411a0480041243d97382cac7984f7dce7813c08"
        },
        "files": [
            ".env.test",
            "bin/phpunit",
            "phpunit.xml.dist",
            "tests/bootstrap.php"
        ]
    },
    "symfony/routing": {
        "version": "6.2",
        "recipe": {
            "repo": "github.com/symfony/recipes",
            "branch": "main",
            "version": "6.2",
            "ref": "e0a11b4ccb8c9e70b574ff5ad3dfdcd41dec5aa6"
        },
        "files": [
            "config/packages/routing.yaml",
            "config/routes.yaml"
        ]
    },
    "symfony/security-bundle": {
        "version": "6.4",
        "recipe": {
            "repo": "github.com/symfony/recipes",
            "branch": "main",
            "version": "6.4",
            "ref": "2ae08430db28c8eb4476605894296c82a642028f"
        },
        "files": [
            "config/packages/security.yaml",
            "config/routes/security.yaml"
        ]
    },
    "symfony/stimulus-bundle": {
        "version": "2.16",
        "recipe": {
            "repo": "github.com/symfony/recipes",
            "branch": "main",
            "version": "2.13",
            "ref": "6acd9ff4f7fd5626d2962109bd4ebab351d43c43"
        },
        "files": [
            "assets/bootstrap.js",
            "assets/controllers.json",
            "assets/controllers/hello_controller.js"
        ]
    },
    "symfony/translation": {
        "version": "6.4",
        "recipe": {
            "repo": "github.com/symfony/recipes",
            "branch": "main",
            "version": "6.3",
            "ref": "e28e27f53663cc34f0be2837aba18e3a1bef8e7b"
        },
        "files": [
            "config/packages/translation.yaml",
            "translations/.gitignore"
        ]
    },
    "symfony/twig-bundle": {
        "version": "6.4",
        "recipe": {
            "repo": "github.com/symfony/recipes",
            "branch": "main",
            "version": "6.4",
            "ref": "cab5fd2a13a45c266d45a7d9337e28dee6272877"
        },
        "files": [
            "config/packages/twig.yaml",
            "templates/base.html.twig"
        ]
    },
    "symfony/uid": {
        "version": "6.2",
        "recipe": {
            "repo": "github.com/symfony/recipes",
            "branch": "main",
            "version": "6.2",
            "ref": "d294ad4add3e15d7eb1bae0221588ca89b38e558"
        },
        "files": [
            "config/packages/uid.yaml"
        ]
    },
    "symfony/ux-autocomplete": {
        "version": "2.10",
        "recipe": {
            "repo": "github.com/symfony/recipes",
            "branch": "main",
            "version": "2.6",
            "ref": "07d9602b7231ba355f484305d6cea58310c01741"
        },
        "files": [
            "config/routes/ux_autocomplete.yaml"
        ]
    },
    "symfony/ux-swup": {
        "version": "v2.10.0"
    },
    "symfony/ux-twig-component": {
        "version": "2.15",
        "recipe": {
            "repo": "github.com/symfony/recipes",
            "branch": "main",
            "version": "2.13",
            "ref": "67814b5f9794798b885cec9d3f48631424449a01"
        },
        "files": [
            "config/packages/twig_component.yaml"
        ]
    },
    "symfony/validator": {
        "version": "6.2",
        "recipe": {
            "repo": "github.com/symfony/recipes",
            "branch": "main",
            "version": "5.3",
            "ref": "c32cfd98f714894c4f128bb99aa2530c1227603c"
        },
        "files": [
            "config/packages/validator.yaml"
        ]
    },
    "symfony/web-profiler-bundle": {
        "version": "6.2",
        "recipe": {
            "repo": "github.com/symfony/recipes",
            "branch": "main",
            "version": "6.1",
            "ref": "e42b3f0177df239add25373083a564e5ead4e13a"
        },
        "files": [
            "config/packages/web_profiler.yaml",
            "config/routes/web_profiler.yaml"
        ]
    },
    "symfony/webapp-pack": {
        "version": "1.1",
        "recipe": {
            "repo": "github.com/symfony/recipes",
            "branch": "main",
            "version": "1.0",
            "ref": "aece95c8a188f6e6d04f01ccb8678d1764fd2642"
        },
        "files": [
            "config/packages/messenger.yaml"
        ]
    },
    "symfony/webpack-encore-bundle": {
        "version": "1.17",
        "recipe": {
            "repo": "github.com/symfony/recipes",
            "branch": "main",
            "version": "1.10",
            "ref": "eff2e505d4557c967b6710fe06bd947ba555cae5"
        },
        "files": [
            "assets/app.js",
            "assets/bootstrap.js",
            "assets/controllers.json",
            "assets/controllers/hello_controller.js",
            "assets/styles/app.css",
            "config/packages/webpack_encore.yaml",
            "package.json",
            "webpack.config.js"
        ]
    },
    "symfonycasts/verify-email-bundle": {
        "version": "v1.13.0"
    },
    "twig/extra-bundle": {
        "version": "v3.5.1"
    }
}
